// !$*UTF8*$!
{
	archiveVersion = 1;
	classes = {
	};
	objectVersion = 77;
	objects = {

/* Begin PBXBuildFile section */
		3EB3D1082FA323E2009E302A /* FirebaseAnalytics in Frameworks */ = {isa = PBXBuildFile; productRef = 3EB3D1072FA323E2009E302A /* FirebaseAnalytics */; };
		3EB3D10A2FA323E2009E302A /* FirebaseAppCheck in Frameworks */ = {isa = PBXBuildFile; productRef = 3EB3D1092FA323E2009E302A /* FirebaseAppCheck */; };
		3EB3D10C2FA323E2009E302A /* FirebaseAuth in Frameworks */ = {isa = PBXBuildFile; productRef = 3EB3D10B2FA323E2009E302A /* FirebaseAuth */; };
		3EB3D10E2FA323E2009E302A /* FirebaseCore in Frameworks */ = {isa = PBXBuildFile; productRef = 3EB3D10D2FA323E2009E302A /* FirebaseCore */; };
		3EB3D1102FA323E2009E302A /* FirebaseCrashlytics in Frameworks */ = {isa = PBXBuildFile; productRef = 3EB3D10F2FA323E2009E302A /* FirebaseCrashlytics */; };
		3EB3D1122FA323E2009E302A /* FirebaseFirestore in Frameworks */ = {isa = PBXBuildFile; productRef = 3EB3D1112FA323E2009E302A /* FirebaseFirestore */; };
		3EB3D1142FA323E2009E302A /* FirebaseFunctions in Frameworks */ = {isa = PBXBuildFile; productRef = 3EB3D1132FA323E2009E302A /* FirebaseFunctions */; };
		3EB3D1162FA323E2009E302A /* FirebaseMessaging in Frameworks */ = {isa = PBXBuildFile; productRef = 3EB3D1152FA323E2009E302A /* FirebaseMessaging */; };
		3EB3D1182FA323E2009E302A /* FirebasePerformance in Frameworks */ = {isa = PBXBuildFile; productRef = 3EB3D1172FA323E2009E302A /* FirebasePerformance */; };
		3EB3D11A2FA323E2009E302A /* FirebaseRemoteConfig in Frameworks */ = {isa = PBXBuildFile; productRef = 3EB3D1192FA323E2009E302A /* FirebaseRemoteConfig */; };
		3EB3D11C2FA323E2009E302A /* FirebaseStorage in Frameworks */ = {isa = PBXBuildFile; productRef = 3EB3D11B2FA323E2009E302A /* FirebaseStorage */; };
/* End PBXBuildFile section */

/* Begin PBXContainerItemProxy section */
		3ED5891D2FA23D8F00F21A59 /* PBXContainerItemProxy */ = {
			isa = PBXContainerItemProxy;
			containerPortal = 3ED589052FA23D8E00F21A59 /* Project object */;
			proxyType = 1;
			remoteGlobalIDString = 3ED5890C2FA23D8E00F21A59;
			remoteInfo = huitam;
		};
		3ED589272FA23D8F00F21A59 /* PBXContainerItemProxy */ = {
			isa = PBXContainerItemProxy;
			containerPortal = 3ED589052FA23D8E00F21A59 /* Project object */;
			proxyType = 1;
			remoteGlobalIDString = 3ED5890C2FA23D8E00F21A59;
			remoteInfo = huitam;
		};
/* End PBXContainerItemProxy section */

/* Begin PBXFileReference section */
		3ED5890D2FA23D8E00F21A59 /* huitam.app */ = {isa = PBXFileReference; explicitFileType = wrapper.application; includeInIndex = 0; path = huitam.app; sourceTree = BUILT_PRODUCTS_DIR; };
		3ED5891C2FA23D8F00F21A59 /* huitamTests.xctest */ = {isa = PBXFileReference; explicitFileType = wrapper.cfbundle; includeInIndex = 0; path = huitamTests.xctest; sourceTree = BUILT_PRODUCTS_DIR; };
		3ED589262FA23D8F00F21A59 /* huitamUITests.xctest */ = {isa = PBXFileReference; explicitFileType = wrapper.cfbundle; includeInIndex = 0; path = huitamUITests.xctest; sourceTree = BUILT_PRODUCTS_DIR; };
/* End PBXFileReference section */

/* Begin PBXFileSystemSynchronizedRootGroup section */
		3ED5890F2FA23D8E00F21A59 /* huitam */ = {
			isa = PBXFileSystemSynchronizedRootGroup;
			path = huitam;
			sourceTree = "<group>";
		};
		3ED5891F2FA23D8F00F21A59 /* huitamTests */ = {
			isa = PBXFileSystemSynchronizedRootGroup;
			path = huitamTests;
			sourceTree = "<group>";
		};
		3ED589292FA23D8F00F21A59 /* huitamUITests */ = {
			isa = PBXFileSystemSynchronizedRootGroup;
			path = huitamUITests;
			sourceTree = "<group>";
		};
/* End PBXFileSystemSynchronizedRootGroup section */

/* Begin PBXFrameworksBuildPhase section */
		3ED5890A2FA23D8E00F21A59 /* Frameworks */ = {
			isa = PBXFrameworksBuildPhase;
			buildActionMask = 2147483647;
			files = (
				3EB3D1162FA323E2009E302A /* FirebaseMessaging in Frameworks */,
				3EB3D10A2FA323E2009E302A /* FirebaseAppCheck in Frameworks */,
				3EB3D1182FA323E2009E302A /* FirebasePerformance in Frameworks */,
				3EB3D1142FA323E2009E302A /* FirebaseFunctions in Frameworks */,
				3EB3D10C2FA323E2009E302A /* FirebaseAuth in Frameworks */,
				3EB3D1102FA323E2009E302A /* FirebaseCrashlytics in Frameworks */,
				3EB3D10E2FA323E2009E302A /* FirebaseCore in Frameworks */,
				3EB3D1082FA323E2009E302A /* FirebaseAnalytics in Frameworks */,
				3EB3D11C2FA323E2009E302A /* FirebaseStorage in Frameworks */,
				3EB3D1122FA323E2009E302A /* FirebaseFirestore in Frameworks */,
				3EB3D11A2FA323E2009E302A /* FirebaseRemoteConfig in Frameworks */,
			);
			runOnlyForDeploymentPostprocessing = 0;
		};
		3ED589192FA23D8F00F21A59 /* Frameworks */ = {
			isa = PBXFrameworksBuildPhase;
			buildActionMask = 2147483647;
			files = (
			);
			runOnlyForDeploymentPostprocessing = 0;
		};
		3ED589232FA23D8F00F21A59 /* Frameworks */ = {
			isa = PBXFrameworksBuildPhase;
			buildActionMask = 2147483647;
			files = (
			);
			runOnlyForDeploymentPostprocessing = 0;
		};
/* End PBXFrameworksBuildPhase section */

/* Begin PBXGroup section */
		3ED589042FA23D8E00F21A59 = {
			isa = PBXGroup;
			children = (
				3ED5890F2FA23D8E00F21A59 /* huitam */,
				3ED5891F2FA23D8F00F21A59 /* huitamTests */,
				3ED589292FA23D8F00F21A59 /* huitamUITests */,
				3ED5890E2FA23D8E00F21A59 /* Products */,
			);
			sourceTree = "<group>";
		};
		3ED5890E2FA23D8E00F21A59 /* Products */ = {
			isa = PBXGroup;
			children = (
				3ED5890D2FA23D8E00F21A59 /* huitam.app */,
				3ED5891C2FA23D8F00F21A59 /* huitamTests.xctest */,
				3ED589262FA23D8F00F21A59 /* huitamUITests.xctest */,
			);
			name = Products;
			sourceTree = "<group>";
		};
/* End PBXGroup section */

/* Begin PBXNativeTarget section */
		3ED5890C2FA23D8E00F21A59 /* huitam */ = {
			isa = PBXNativeTarget;
			buildConfigurationList = 3ED589302FA23D8F00F21A59 /* Build configuration list for PBXNativeTarget "huitam" */;
			buildPhases = (
				3ED589092FA23D8E00F21A59 /* Sources */,
				3ED5890A2FA23D8E00F21A59 /* Frameworks */,
				3ED5890B2FA23D8E00F21A59 /* Resources */,
			);
			buildRules = (
			);
			dependencies = (
			);
			fileSystemSynchronizedGroups = (
				3ED5890F2FA23D8E00F21A59 /* huitam */,
			);
			name = huitam;
			packageProductDependencies = (
				3EB3D1072FA323E2009E302A /* FirebaseAnalytics */,
				3EB3D1092FA323E2009E302A /* FirebaseAppCheck */,
				3EB3D10B2FA323E2009E302A /* FirebaseAuth */,
				3EB3D10D2FA323E2009E302A /* FirebaseCore */,
				3EB3D10F2FA323E2009E302A /* FirebaseCrashlytics */,
				3EB3D1112FA323E2009E302A /* FirebaseFirestore */,
				3EB3D1132FA323E2009E302A /* FirebaseFunctions */,
				3EB3D1152FA323E2009E302A /* FirebaseMessaging */,
				3EB3D1172FA323E2009E302A /* FirebasePerformance */,
				3EB3D1192FA323E2009E302A /* FirebaseRemoteConfig */,
				3EB3D11B2FA323E2009E302A /* FirebaseStorage */,
			);
			productName = huitam;
			productReference = 3ED5890D2FA23D8E00F21A59 /* huitam.app */;
			productType = "com.apple.product-type.application";
		};
		3ED5891B2FA23D8F00F21A59 /* huitamTests */ = {
			isa = PBXNativeTarget;
			buildConfigurationList = 3ED589332FA23D8F00F21A59 /* Build configuration list for PBXNativeTarget "huitamTests" */;
			buildPhases = (
				3ED589182FA23D8F00F21A59 /* Sources */,
				3ED589192FA23D8F00F21A59 /* Frameworks */,
				3ED5891A2FA23D8F00F21A59 /* Resources */,
			);
			buildRules = (
			);
			dependencies = (
				3ED5891E2FA23D8F00F21A59 /* PBXTargetDependency */,
			);
			fileSystemSynchronizedGroups = (
				3ED5891F2FA23D8F00F21A59 /* huitamTests */,
			);
			name = huitamTests;
			packageProductDependencies = (
			);
			productName = huitamTests;
			productReference = 3ED5891C2FA23D8F00F21A59 /* huitamTests.xctest */;
			productType = "com.apple.product-type.bundle.unit-test";
		};
		3ED589252FA23D8F00F21A59 /* huitamUITests */ = {
			isa = PBXNativeTarget;
			buildConfigurationList = 3ED589362FA23D8F00F21A59 /* Build configuration list for PBXNativeTarget "huitamUITests" */;
			buildPhases = (
				3ED589222FA23D8F00F21A59 /* Sources */,
				3ED589232FA23D8F00F21A59 /* Frameworks */,
				3ED589242FA23D8F00F21A59 /* Resources */,
			);
			buildRules = (
			);
			dependencies = (
				3ED589282FA23D8F00F21A59 /* PBXTargetDependency */,
			);
			fileSystemSynchronizedGroups = (
				3ED589292FA23D8F00F21A59 /* huitamUITests */,
			);
			name = huitamUITests;
			packageProductDependencies = (
			);
			productName = huitamUITests;
			productReference = 3ED589262FA23D8F00F21A59 /* huitamUITests.xctest */;
			productType = "com.apple.product-type.bundle.ui-testing";
		};
/* End PBXNativeTarget section */

/* Begin PBXProject section */
		3ED589052FA23D8E00F21A59 /* Project object */ = {
			isa = PBXProject;
			attributes = {
				BuildIndependentTargetsInParallel = 1;
				LastSwiftUpdateCheck = 2640;
				LastUpgradeCheck = 2640;
				TargetAttributes = {
					3ED5890C2FA23D8E00F21A59 = {
						CreatedOnToolsVersion = 26.4;
					};
					3ED5891B2FA23D8F00F21A59 = {
						CreatedOnToolsVersion = 26.4;
						TestTargetID = 3ED5890C2FA23D8E00F21A59;
					};
					3ED589252FA23D8F00F21A59 = {
						CreatedOnToolsVersion = 26.4;
						TestTargetID = 3ED5890C2FA23D8E00F21A59;
					};
				};
			};
			buildConfigurationList = 3ED589082FA23D8E00F21A59 /* Build configuration list for PBXProject "huitam" */;
			developmentRegion = en;
			hasScannedForEncodings = 0;
			knownRegions = (
				en,
				Base,
			);
			mainGroup = 3ED589042FA23D8E00F21A59;
			minimizedProjectReferenceProxies = 1;
			packageReferences = (
				3EB3D1062FA323E2009E302A /* XCRemoteSwiftPackageReference "firebase-ios-sdk" */,
			);
			preferredProjectObjectVersion = 77;
			productRefGroup = 3ED5890E2FA23D8E00F21A59 /* Products */;
			projectDirPath = "";
			projectRoot = "";
			targets = (
				3ED5890C2FA23D8E00F21A59 /* huitam */,
				3ED5891B2FA23D8F00F21A59 /* huitamTests */,
				3ED589252FA23D8F00F21A59 /* huitamUITests */,
			);
		};
/* End PBXProject section */

/* Begin PBXResourcesBuildPhase section */
		3ED5890B2FA23D8E00F21A59 /* Resources */ = {
			isa = PBXResourcesBuildPhase;
			buildActionMask = 2147483647;
			files = (
			);
			runOnlyForDeploymentPostprocessing = 0;
		};
		3ED5891A2FA23D8F00F21A59 /* Resources */ = {
			isa = PBXResourcesBuildPhase;
			buildActionMask = 2147483647;
			files = (
			);
			runOnlyForDeploymentPostprocessing = 0;
		};
		3ED589242FA23D8F00F21A59 /* Resources */ = {
			isa = PBXResourcesBuildPhase;
			buildActionMask = 2147483647;
			files = (
			);
			runOnlyForDeploymentPostprocessing = 0;
		};
/* End PBXResourcesBuildPhase section */

/* Begin PBXSourcesBuildPhase section */
		3ED589092FA23D8E00F21A59 /* Sources */ = {
			isa = PBXSourcesBuildPhase;
			buildActionMask = 2147483647;
			files = (
			);
			runOnlyForDeploymentPostprocessing = 0;
		};
		3ED589182FA23D8F00F21A59 /* Sources */ = {
			isa = PBXSourcesBuildPhase;
			buildActionMask = 2147483647;
			files = (
			);
			runOnlyForDeploymentPostprocessing = 0;
		};
		3ED589222FA23D8F00F21A59 /* Sources */ = {
			isa = PBXSourcesBuildPhase;
			buildActionMask = 2147483647;
			files = (
			);
			runOnlyForDeploymentPostprocessing = 0;
		};
/* End PBXSourcesBuildPhase section */

/* Begin PBXTargetDependency section */
		3ED5891E2FA23D8F00F21A59 /* PBXTargetDependency */ = {
			isa = PBXTargetDependency;
			target = 3ED5890C2FA23D8E00F21A59 /* huitam */;
			targetProxy = 3ED5891D2FA23D8F00F21A59 /* PBXContainerItemProxy */;
		};
		3ED589282FA23D8F00F21A59 /* PBXTargetDependency */ = {
			isa = PBXTargetDependency;
			target = 3ED5890C2FA23D8E00F21A59 /* huitam */;
			targetProxy = 3ED589272FA23D8F00F21A59 /* PBXContainerItemProxy */;
		};
/* End PBXTargetDependency section */

/* Begin XCBuildConfiguration section */
		3ED5892E2FA23D8F00F21A59 /* Debug */ = {
			isa = XCBuildConfiguration;
			buildSettings = {
				ALWAYS_SEARCH_USER_PATHS = NO;
				ASSETCATALOG_COMPILER_GENERATE_SWIFT_ASSET_SYMBOL_EXTENSIONS = YES;
				CLANG_ANALYZER_NONNULL = YES;
				CLANG_ANALYZER_NUMBER_OBJECT_CONVERSION = YES_AGGRESSIVE;
				CLANG_CXX_LANGUAGE_STANDARD = "gnu++20";
				CLANG_ENABLE_MODULES = YES;
				CLANG_ENABLE_OBJC_ARC = YES;
				CLANG_ENABLE_OBJC_WEAK = YES;
				CLANG_WARN_BLOCK_CAPTURE_AUTORELEASING = YES;
				CLANG_WARN_BOOL_CONVERSION = YES;
				CLANG_WARN_COMMA = YES;
				CLANG_WARN_CONSTANT_CONVERSION = YES;
				CLANG_WARN_DEPRECATED_OBJC_IMPLEMENTATIONS = YES;
				CLANG_WARN_DIRECT_OBJC_ISA_USAGE = YES_ERROR;
				CLANG_WARN_DOCUMENTATION_COMMENTS = YES;
				CLANG_WARN_EMPTY_BODY = YES;
				CLANG_WARN_ENUM_CONVERSION = YES;
				CLANG_WARN_INFINITE_RECURSION = YES;
				CLANG_WARN_INT_CONVERSION = YES;
				CLANG_WARN_NON_LITERAL_NULL_CONVERSION = YES;
				CLANG_WARN_OBJC_IMPLICIT_RETAIN_SELF = YES;
				CLANG_WARN_OBJC_LITERAL_CONVERSION = YES;
				CLANG_WARN_OBJC_ROOT_CLASS = YES_ERROR;
				CLANG_WARN_QUOTED_INCLUDE_IN_FRAMEWORK_HEADER = YES;
				CLANG_WARN_RANGE_LOOP_ANALYSIS = YES;
				CLANG_WARN_STRICT_PROTOTYPES = YES;
				CLANG_WARN_SUSPICIOUS_MOVE = YES;
				CLANG_WARN_UNGUARDED_AVAILABILITY = YES_AGGRESSIVE;
				CLANG_WARN_UNREACHABLE_CODE = YES;
				CLANG_WARN__DUPLICATE_METHOD_MATCH = YES;
				COPY_PHASE_STRIP = NO;
				DEBUG_INFORMATION_FORMAT = dwarf;
				DEVELOPMENT_TEAM = G3M7ZA8M45;
				ENABLE_STRICT_OBJC_MSGSEND = YES;
				ENABLE_TESTABILITY = YES;
				ENABLE_USER_SCRIPT_SANDBOXING = YES;
				GCC_C_LANGUAGE_STANDARD = gnu17;
				GCC_DYNAMIC_NO_PIC = NO;
				GCC_NO_COMMON_BLOCKS = YES;
				GCC_OPTIMIZATION_LEVEL = 0;
				GCC_PREPROCESSOR_DEFINITIONS = (
					"DEBUG=1",
					"$(inherited)",
				);
				GCC_WARN_64_TO_32_BIT_CONVERSION = YES;
				GCC_WARN_ABOUT_RETURN_TYPE = YES_ERROR;
				GCC_WARN_UNDECLARED_SELECTOR = YES;
				GCC_WARN_UNINITIALIZED_AUTOS = YES_AGGRESSIVE;
				GCC_WARN_UNUSED_FUNCTION = YES;
				GCC_WARN_UNUSED_VARIABLE = YES;
				IPHONEOS_DEPLOYMENT_TARGET = 26.4;
				LOCALIZATION_PREFERS_STRING_CATALOGS = YES;
				MTL_ENABLE_DEBUG_INFO = INCLUDE_SOURCE;
				MTL_FAST_MATH = YES;
				ONLY_ACTIVE_ARCH = YES;
				SDKROOT = iphoneos;
				SWIFT_ACTIVE_COMPILATION_CONDITIONS = "DEBUG $(inherited)";
				SWIFT_OPTIMIZATION_LEVEL = "-Onone";
			};
			name = Debug;
		};
		3ED5892F2FA23D8F00F21A59 /* Release */ = {
			isa = XCBuildConfiguration;
			buildSettings = {
				ALWAYS_SEARCH_USER_PATHS = NO;
				ASSETCATALOG_COMPILER_GENERATE_SWIFT_ASSET_SYMBOL_EXTENSIONS = YES;
				CLANG_ANALYZER_NONNULL = YES;
				CLANG_ANALYZER_NUMBER_OBJECT_CONVERSION = YES_AGGRESSIVE;
				CLANG_CXX_LANGUAGE_STANDARD = "gnu++20";
				CLANG_ENABLE_MODULES = YES;
				CLANG_ENABLE_OBJC_ARC = YES;
				CLANG_ENABLE_OBJC_WEAK = YES;
				CLANG_WARN_BLOCK_CAPTURE_AUTORELEASING = YES;
				CLANG_WARN_BOOL_CONVERSION = YES;
				CLANG_WARN_COMMA = YES;
				CLANG_WARN_CONSTANT_CONVERSION = YES;
				CLANG_WARN_DEPRECATED_OBJC_IMPLEMENTATIONS = YES;
				CLANG_WARN_DIRECT_OBJC_ISA_USAGE = YES_ERROR;
				CLANG_WARN_DOCUMENTATION_COMMENTS = YES;
				CLANG_WARN_EMPTY_BODY = YES;
				CLANG_WARN_ENUM_CONVERSION = YES;
				CLANG_WARN_INFINITE_RECURSION = YES;
				CLANG_WARN_INT_CONVERSION = YES;
				CLANG_WARN_NON_LITERAL_NULL_CONVERSION = YES;
				CLANG_WARN_OBJC_IMPLICIT_RETAIN_SELF = YES;
				CLANG_WARN_OBJC_LITERAL_CONVERSION = YES;
				CLANG_WARN_OBJC_ROOT_CLASS = YES_ERROR;
				CLANG_WARN_QUOTED_INCLUDE_IN_FRAMEWORK_HEADER = YES;
				CLANG_WARN_RANGE_LOOP_ANALYSIS = YES;
				CLANG_WARN_STRICT_PROTOTYPES = YES;
				CLANG_WARN_SUSPICIOUS_MOVE = YES;
				CLANG_WARN_UNGUARDED_AVAILABILITY = YES_AGGRESSIVE;
				CLANG_WARN_UNREACHABLE_CODE = YES;
				CLANG_WARN__DUPLICATE_METHOD_MATCH = YES;
				COPY_PHASE_STRIP = NO;
				DEBUG_INFORMATION_FORMAT = "dwarf-with-dsym";
				DEVELOPMENT_TEAM = G3M7ZA8M45;
				ENABLE_NS_ASSERTIONS = NO;
				ENABLE_STRICT_OBJC_MSGSEND = YES;
				ENABLE_USER_SCRIPT_SANDBOXING = YES;
				GCC_C_LANGUAGE_STANDARD = gnu17;
				GCC_NO_COMMON_BLOCKS = YES;
				GCC_WARN_64_TO_32_BIT_CONVERSION = YES;
				GCC_WARN_ABOUT_RETURN_TYPE = YES_ERROR;
				GCC_WARN_UNDECLARED_SELECTOR = YES;
				GCC_WARN_UNINITIALIZED_AUTOS = YES_AGGRESSIVE;
				GCC_WARN_UNUSED_FUNCTION = YES;
				GCC_WARN_UNUSED_VARIABLE = YES;
				IPHONEOS_DEPLOYMENT_TARGET = 26.4;
				LOCALIZATION_PREFERS_STRING_CATALOGS = YES;
				MTL_ENABLE_DEBUG_INFO = NO;
				MTL_FAST_MATH = YES;
				SDKROOT = iphoneos;
				SWIFT_COMPILATION_MODE = wholemodule;
				VALIDATE_PRODUCT = YES;
			};
			name = Release;
		};
		3ED589312FA23D8F00F21A59 /* Debug */ = {
			isa = XCBuildConfiguration;
			buildSettings = {
				ASSETCATALOG_COMPILER_APPICON_NAME = AppIcon;
				ASSETCATALOG_COMPILER_GLOBAL_ACCENT_COLOR_NAME = AccentColor;
				CODE_SIGN_ENTITLEMENTS = Config/huitam.entitlements;
				CODE_SIGN_STYLE = Automatic;
				CURRENT_PROJECT_VERSION = 1;
				DEVELOPMENT_TEAM = G3M7ZA8M45;
				ENABLE_PREVIEWS = YES;
				GENERATE_INFOPLIST_FILE = NO;
				INFOPLIST_FILE = "Config/huitam-Info.plist";
				IPHONEOS_DEPLOYMENT_TARGET = 17.6;
				LD_RUNPATH_SEARCH_PATHS = (
					"$(inherited)",
					"@executable_path/Frameworks",
				);
				MARKETING_VERSION = 1.0;
				PRODUCT_BUNDLE_IDENTIFIER = com.lexmashkov.huitam;
				PRODUCT_NAME = "$(TARGET_NAME)";
				STRING_CATALOG_GENERATE_SYMBOLS = YES;
				SWIFT_APPROACHABLE_CONCURRENCY = YES;
				SWIFT_DEFAULT_ACTOR_ISOLATION = MainActor;
				SWIFT_EMIT_LOC_STRINGS = YES;
				SWIFT_UPCOMING_FEATURE_MEMBER_IMPORT_VISIBILITY = YES;
				SWIFT_VERSION = 5.0;
				TARGETED_DEVICE_FAMILY = "1,2";
			};
			name = Debug;
		};
		3ED589322FA23D8F00F21A59 /* Release */ = {
			isa = XCBuildConfiguration;
			buildSettings = {
				ASSETCATALOG_COMPILER_APPICON_NAME = AppIcon;
				ASSETCATALOG_COMPILER_GLOBAL_ACCENT_COLOR_NAME = AccentColor;
				CODE_SIGN_ENTITLEMENTS = Config/huitam.entitlements;
				CODE_SIGN_STYLE = Automatic;
				CURRENT_PROJECT_VERSION = 1;
				DEVELOPMENT_TEAM = G3M7ZA8M45;
				ENABLE_PREVIEWS = YES;
				GENERATE_INFOPLIST_FILE = NO;
				INFOPLIST_FILE = "Config/huitam-Info.plist";
				IPHONEOS_DEPLOYMENT_TARGET = 17.6;
				LD_RUNPATH_SEARCH_PATHS = (
					"$(inherited)",
					"@executable_path/Frameworks",
				);
				MARKETING_VERSION = 1.0;
				PRODUCT_BUNDLE_IDENTIFIER = com.lexmashkov.huitam;
				PRODUCT_NAME = "$(TARGET_NAME)";
				STRING_CATALOG_GENERATE_SYMBOLS = YES;
				SWIFT_APPROACHABLE_CONCURRENCY = YES;
				SWIFT_DEFAULT_ACTOR_ISOLATION = MainActor;
				SWIFT_EMIT_LOC_STRINGS = YES;
				SWIFT_UPCOMING_FEATURE_MEMBER_IMPORT_VISIBILITY = YES;
				SWIFT_VERSION = 5.0;
				TARGETED_DEVICE_FAMILY = "1,2";
			};
			name = Release;
		};
		3ED589342FA23D8F00F21A59 /* Debug */ = {
			isa = XCBuildConfiguration;
			buildSettings = {
				BUNDLE_LOADER = "$(TEST_HOST)";
				CODE_SIGN_STYLE = Automatic;
				CURRENT_PROJECT_VERSION = 1;
				DEVELOPMENT_TEAM = G3M7ZA8M45;
				GENERATE_INFOPLIST_FILE = YES;
				IPHONEOS_DEPLOYMENT_TARGET = 26.4;
				MARKETING_VERSION = 1.0;
				PRODUCT_BUNDLE_IDENTIFIER = com.lexmashkov.huitamTests;
				PRODUCT_NAME = "$(TARGET_NAME)";
				STRING_CATALOG_GENERATE_SYMBOLS = NO;
				SWIFT_APPROACHABLE_CONCURRENCY = YES;
				SWIFT_EMIT_LOC_STRINGS = NO;
				SWIFT_UPCOMING_FEATURE_MEMBER_IMPORT_VISIBILITY = YES;
				SWIFT_VERSION = 5.0;
				TARGETED_DEVICE_FAMILY = "1,2";
				TEST_HOST = "$(BUILT_PRODUCTS_DIR)/huitam.app/$(BUNDLE_EXECUTABLE_FOLDER_PATH)/huitam";
			};
			name = Debug;
		};
		3ED589352FA23D8F00F21A59 /* Release */ = {
			isa = XCBuildConfiguration;
			buildSettings = {
				BUNDLE_LOADER = "$(TEST_HOST)";
				CODE_SIGN_STYLE = Automatic;
				CURRENT_PROJECT_VERSION = 1;
				DEVELOPMENT_TEAM = G3M7ZA8M45;
				GENERATE_INFOPLIST_FILE = YES;
				IPHONEOS_DEPLOYMENT_TARGET = 26.4;
				MARKETING_VERSION = 1.0;
				PRODUCT_BUNDLE_IDENTIFIER = com.lexmashkov.huitamTests;
				PRODUCT_NAME = "$(TARGET_NAME)";
				STRING_CATALOG_GENERATE_SYMBOLS = NO;
				SWIFT_APPROACHABLE_CONCURRENCY = YES;
				SWIFT_EMIT_LOC_STRINGS = NO;
				SWIFT_UPCOMING_FEATURE_MEMBER_IMPORT_VISIBILITY = YES;
				SWIFT_VERSION = 5.0;
				TARGETED_DEVICE_FAMILY = "1,2";
				TEST_HOST = "$(BUILT_PRODUCTS_DIR)/huitam.app/$(BUNDLE_EXECUTABLE_FOLDER_PATH)/huitam";
			};
			name = Release;
		};
		3ED589372FA23D8F00F21A59 /* Debug */ = {
			isa = XCBuildConfiguration;
			buildSettings = {
				CODE_SIGN_STYLE = Automatic;
				CURRENT_PROJECT_VERSION = 1;
				DEVELOPMENT_TEAM = G3M7ZA8M45;
				GENERATE_INFOPLIST_FILE = YES;
				MARKETING_VERSION = 1.0;
				PRODUCT_BUNDLE_IDENTIFIER = com.lexmashkov.huitamUITests;
				PRODUCT_NAME = "$(TARGET_NAME)";
				STRING_CATALOG_GENERATE_SYMBOLS = NO;
				SWIFT_APPROACHABLE_CONCURRENCY = YES;
				SWIFT_EMIT_LOC_STRINGS = NO;
				SWIFT_UPCOMING_FEATURE_MEMBER_IMPORT_VISIBILITY = YES;
				SWIFT_VERSION = 5.0;
				TARGETED_DEVICE_FAMILY = "1,2";
				TEST_TARGET_NAME = huitam;
			};
			name = Debug;
		};
		3ED589382FA23D8F00F21A59 /* Release */ = {
			isa = XCBuildConfiguration;
			buildSettings = {
				CODE_SIGN_STYLE = Automatic;
				CURRENT_PROJECT_VERSION = 1;
				DEVELOPMENT_TEAM = G3M7ZA8M45;
				GENERATE_INFOPLIST_FILE = YES;
				MARKETING_VERSION = 1.0;
				PRODUCT_BUNDLE_IDENTIFIER = com.lexmashkov.huitamUITests;
				PRODUCT_NAME = "$(TARGET_NAME)";
				STRING_CATALOG_GENERATE_SYMBOLS = NO;
				SWIFT_APPROACHABLE_CONCURRENCY = YES;
				SWIFT_EMIT_LOC_STRINGS = NO;
				SWIFT_UPCOMING_FEATURE_MEMBER_IMPORT_VISIBILITY = YES;
				SWIFT_VERSION = 5.0;
				TARGETED_DEVICE_FAMILY = "1,2";
				TEST_TARGET_NAME = huitam;
			};
			name = Release;
		};
/* End XCBuildConfiguration section */

/* Begin XCConfigurationList section */
		3ED589082FA23D8E00F21A59 /* Build configuration list for PBXProject "huitam" */ = {
			isa = XCConfigurationList;
			buildConfigurations = (
				3ED5892E2FA23D8F00F21A59 /* Debug */,
				3ED5892F2FA23D8F00F21A59 /* Release */,
			);
			defaultConfigurationIsVisible = 0;
			defaultConfigurationName = Release;
		};
		3ED589302FA23D8F00F21A59 /* Build configuration list for PBXNativeTarget "huitam" */ = {
			isa = XCConfigurationList;
			buildConfigurations = (
				3ED589312FA23D8F00F21A59 /* Debug */,
				3ED589322FA23D8F00F21A59 /* Release */,
			);
			defaultConfigurationIsVisible = 0;
			defaultConfigurationName = Release;
		};
		3ED589332FA23D8F00F21A59 /* Build configuration list for PBXNativeTarget "huitamTests" */ = {
			isa = XCConfigurationList;
			buildConfigurations = (
				3ED589342FA23D8F00F21A59 /* Debug */,
				3ED589352FA23D8F00F21A59 /* Release */,
			);
			defaultConfigurationIsVisible = 0;
			defaultConfigurationName = Release;
		};
		3ED589362FA23D8F00F21A59 /* Build configuration list for PBXNativeTarget "huitamUITests" */ = {
			isa = XCConfigurationList;
			buildConfigurations = (
				3ED589372FA23D8F00F21A59 /* Debug */,
				3ED589382FA23D8F00F21A59 /* Release */,
			);
			defaultConfigurationIsVisible = 0;
			defaultConfigurationName = Release;
		};
/* End XCConfigurationList section */

/* Begin XCRemoteSwiftPackageReference section */
		3EB3D1062FA323E2009E302A /* XCRemoteSwiftPackageReference "firebase-ios-sdk" */ = {
			isa = XCRemoteSwiftPackageReference;
			repositoryURL = "https://github.com/firebase/firebase-ios-sdk";
			requirement = {
				kind = upToNextMajorVersion;
				minimumVersion = 12.12.1;
			};
		};
/* End XCRemoteSwiftPackageReference section */

/* Begin XCSwiftPackageProductDependency section */
		3EB3D1072FA323E2009E302A /* FirebaseAnalytics */ = {
			isa = XCSwiftPackageProductDependency;
			package = 3EB3D1062FA323E2009E302A /* XCRemoteSwiftPackageReference "firebase-ios-sdk" */;
			productName = FirebaseAnalytics;
		};
		3EB3D1092FA323E2009E302A /* FirebaseAppCheck */ = {
			isa = XCSwiftPackageProductDependency;
			package = 3EB3D1062FA323E2009E302A /* XCRemoteSwiftPackageReference "firebase-ios-sdk" */;
			productName = FirebaseAppCheck;
		};
		3EB3D10B2FA323E2009E302A /* FirebaseAuth */ = {
			isa = XCSwiftPackageProductDependency;
			package = 3EB3D1062FA323E2009E302A /* XCRemoteSwiftPackageReference "firebase-ios-sdk" */;
			productName = FirebaseAuth;
		};
		3EB3D10D2FA323E2009E302A /* FirebaseCore */ = {
			isa = XCSwiftPackageProductDependency;
			package = 3EB3D1062FA323E2009E302A /* XCRemoteSwiftPackageReference "firebase-ios-sdk" */;
			productName = FirebaseCore;
		};
		3EB3D10F2FA323E2009E302A /* FirebaseCrashlytics */ = {
			isa = XCSwiftPackageProductDependency;
			package = 3EB3D1062FA323E2009E302A /* XCRemoteSwiftPackageReference "firebase-ios-sdk" */;
			productName = FirebaseCrashlytics;
		};
		3EB3D1112FA323E2009E302A /* FirebaseFirestore */ = {
			isa = XCSwiftPackageProductDependency;
			package = 3EB3D1062FA323E2009E302A /* XCRemoteSwiftPackageReference "firebase-ios-sdk" */;
			productName = FirebaseFirestore;
		};
		3EB3D1132FA323E2009E302A /* FirebaseFunctions */ = {
			isa = XCSwiftPackageProductDependency;
			package = 3EB3D1062FA323E2009E302A /* XCRemoteSwiftPackageReference "firebase-ios-sdk" */;
			productName = FirebaseFunctions;
		};
		3EB3D1152FA323E2009E302A /* FirebaseMessaging */ = {
			isa = XCSwiftPackageProductDependency;
			package = 3EB3D1062FA323E2009E302A /* XCRemoteSwiftPackageReference "firebase-ios-sdk" */;
			productName = FirebaseMessaging;
		};
		3EB3D1172FA323E2009E302A /* FirebasePerformance */ = {
			isa = XCSwiftPackageProductDependency;
			package = 3EB3D1062FA323E2009E302A /* XCRemoteSwiftPackageReference "firebase-ios-sdk" */;
			productName = FirebasePerformance;
		};
		3EB3D1192FA323E2009E302A /* FirebaseRemoteConfig */ = {
			isa = XCSwiftPackageProductDependency;
			package = 3EB3D1062FA323E2009E302A /* XCRemoteSwiftPackageReference "firebase-ios-sdk" */;
			productName = FirebaseRemoteConfig;
		};
		3EB3D11B2FA323E2009E302A /* FirebaseStorage */ = {
			isa = XCSwiftPackageProductDependency;
			package = 3EB3D1062FA323E2009E302A /* XCRemoteSwiftPackageReference "firebase-ios-sdk" */;
			productName = FirebaseStorage;
		};
/* End XCSwiftPackageProductDependency section */
	};
	rootObject = 3ED589052FA23D8E00F21A59 /* Project object */;
}
